
Microsoft Visual Studio Solution File, Format Version 12.00
# Visual Studio Version 17
VisualStudioVersion = 17.0.31903.59
MinimumVisualStudioVersion = 10.0.40219.1
Project("{8BC9CEB8-8B4A-11D0-8D11-00A0C91BC942}") = "EPub-Extractor", "EPub-Extractor.vcxproj", "{940017F9-0670-41A2-80BE-4EB86403C9BF}"
EndProject
Global
	GlobalSection(SolutionConfigurationPlatforms) = preSolution
		Debug|x64 = Debug|x64
		Debug|x86 = Debug|x86
		Release|x64 = Release|x64
		Release|x86 = Release|x86
	EndGlobalSection
	GlobalSection(ProjectConfigurationPlatforms) = postSolution
		{940017F9-0670-41A2-80BE-4EB86403C9BF}.Debug|x64.ActiveCfg = Debug|x64
		{940017F9-0670-41A2-80BE-4EB86403C9BF}.Debug|x64.Build.0 = Debug|x64
		{940017F9-0670-41A2-80BE-4EB86403C9BF}.Debug|x86.ActiveCfg = Debug|Win32
		{940017F9-0670-41A2-80BE-4EB86403C9BF}.Debug|x86.Build.0 = Debug|Win32
		{940017F9-0670-41A2-80BE-4EB86403C9BF}.Release|x64.ActiveCfg = Release|x64
		{940017F9-0670-41A2-80BE-4EB86403C9BF}.Release|x64.Build.0 = Release|x64
		{940017F9-0670-41A2-80BE-4EB86403C9BF}.Release|x86.ActiveCfg = Release|Win32
		{940017F9-0670-41A2-80BE-4EB86403C9BF}.Release|x86.Build.0 = Release|Win32
	EndGlobalSection
	GlobalSection(SolutionProperties) = preSolution
		HideSolutionNode = FALSE
	EndGlobalSection
	GlobalSection(ExtensibilityGlobals) = postSolution
		SolutionGuid = {6E44254F-FC30-43B0-96A8-11E7569879C0}
	EndGlobalSection
EndGlobal
